
Microsoft Visual Studio Solution File, Format Version 12.00
# Visual Studio 15
VisualStudioVersion = 15.0.27703.2000
MinimumVisualStudioVersion = 10.0.40219.1
Project("{FAE04EC0-301F-11D3-BF4B-00C04F79EFBC}") = "EPAM_Task10", "EPAM_Task10\EPAM_Task10.csproj", "{91FCCCF2-330A-4C05-9C74-D1B6ACFA144C}"
EndProject
Project("{FAE04EC0-301F-11D3-BF4B-00C04F79EFBC}") = "EPAM_Task10Tests", "EPAM_Task10Tests\EPAM_Task10Tests.csproj", "{4F4D6453-BF59-49B9-8492-FCAB68A47A32}"
EndProject
Global
	GlobalSection(SolutionConfigurationPlatforms) = preSolution
		Debug|Any CPU = Debug|Any CPU
		Release|Any CPU = Release|Any CPU
	EndGlobalSection
	GlobalSection(ProjectConfigurationPlatforms) = postSolution
		{91FCCCF2-330A-4C05-9C74-D1B6ACFA144C}.Debug|Any CPU.ActiveCfg = Debug|Any CPU
		{91FCCCF2-330A-4C05-9C74-D1B6ACFA144C}.Debug|Any CPU.Build.0 = Debug|Any CPU
		{91FCCCF2-330A-4C05-9C74-D1B6ACFA144C}.Release|Any CPU.ActiveCfg = Release|Any CPU
		{91FCCCF2-330A-4C05-9C74-D1B6ACFA144C}.Release|Any CPU.Build.0 = Release|Any CPU
		{4F4D6453-BF59-49B9-8492-FCAB68A47A32}.Debug|Any CPU.ActiveCfg = Debug|Any CPU
		{4F4D6453-BF59-49B9-8492-FCAB68A47A32}.Debug|Any CPU.Build.0 = Debug|Any CPU
		{4F4D6453-BF59-49B9-8492-FCAB68A47A32}.Release|Any CPU.ActiveCfg = Release|Any CPU
		{4F4D6453-BF59-49B9-8492-FCAB68A47A32}.Release|Any CPU.Build.0 = Release|Any CPU
	EndGlobalSection
	GlobalSection(SolutionProperties) = preSolution
		HideSolutionNode = FALSE
	EndGlobalSection
	GlobalSection(ExtensibilityGlobals) = postSolution
		SolutionGuid = {A6B7A836-9D91-4820-A6D4-58861056F1C7}
	EndGlobalSection
EndGlobal
